
Microsoft Visual Studio Solution File, Format Version 12.00
# Visual Studio Version 17
VisualStudioVersion = 17.9.34902.65
MinimumVisualStudioVersion = 10.0.40219.1
Project("{FAE04EC0-301F-11D3-BF4B-00C04F79EFBC}") = "ConsoleApp1", "ConsoleApp1.csproj", "{4EA66AAD-E843-4427-BD97-9087A6B0F418}"
EndProject
Global
	GlobalSection(SolutionConfigurationPlatforms) = preSolution
		Debug|Any CPU = Debug|Any CPU
		Release|Any CPU = Release|Any CPU
	EndGlobalSection
	GlobalSection(ProjectConfigurationPlatforms) = postSolution
		{4EA66AAD-E843-4427-BD97-9087A6B0F418}.Debug|Any CPU.ActiveCfg = Debug|Any CPU
		{4EA66AAD-E843-4427-BD97-9087A6B0F418}.Debug|Any CPU.Build.0 = Debug|Any CPU
		{4EA66AAD-E843-4427-BD97-9087A6B0F418}.Release|Any CPU.ActiveCfg = Release|Any CPU
		{4EA66AAD-E843-4427-BD97-9087A6B0F418}.Release|Any CPU.Build.0 = Release|Any CPU
	EndGlobalSection
	GlobalSection(SolutionProperties) = preSolution
		HideSolutionNode = FALSE
	EndGlobalSection
	GlobalSection(ExtensibilityGlobals) = postSolution
		SolutionGuid = {4476FF9A-495C-4B08-B963-4DB8B1BB16A8}
	EndGlobalSection
EndGlobal
